
Microsoft Visual Studio Solution File, Format Version 12.00
# Visual Studio Version 17
VisualStudioVersion = 17.7.34031.279
MinimumVisualStudioVersion = 10.0.40219.1
Project("{FAE04EC0-301F-11D3-BF4B-00C04F79EFBC}") = "mf-dev-backend-2023", "mf-dev-backend-2023\mf-dev-backend-2023.csproj", "{DF7BAF0C-DA29-4CFC-9321-B676A59B2984}"
EndProject
Global
	GlobalSection(SolutionConfigurationPlatforms) = preSolution
		Debug|Any CPU = Debug|Any CPU
		Release|Any CPU = Release|Any CPU
	EndGlobalSection
	GlobalSection(ProjectConfigurationPlatforms) = postSolution
		{DF7BAF0C-DA29-4CFC-9321-B676A59B2984}.Debug|Any CPU.ActiveCfg = Debug|Any CPU
		{DF7BAF0C-DA29-4CFC-9321-B676A59B2984}.Debug|Any CPU.Build.0 = Debug|Any CPU
		{DF7BAF0C-DA29-4CFC-9321-B676A59B2984}.Release|Any CPU.ActiveCfg = Release|Any CPU
		{DF7BAF0C-DA29-4CFC-9321-B676A59B2984}.Release|Any CPU.Build.0 = Release|Any CPU
	EndGlobalSection
	GlobalSection(SolutionProperties) = preSolution
		HideSolutionNode = FALSE
	EndGlobalSection
	GlobalSection(ExtensibilityGlobals) = postSolution
		SolutionGuid = {8423A5B9-7550-4DA5-88EC-9852D2BE4F2E}
	EndGlobalSection
EndGlobal
